// !$*UTF8*$!
{
	archiveVersion = 1;
	classes = {
	};
	objectVersion = 55;
	objects = {

/* Begin PBXBuildFile section */
		2CF6F8790EA91F745BBAD35D /* Pods_MesAmiesTests.framework in Frameworks */ = {isa = PBXBuildFile; fileRef = 9D66556CA5A6F5433A0F33A0 /* Pods_MesAmiesTests.framework */; };
		330AAF9DCCB1839A68F7EA1A /* Pods_MesAmies.framework in Frameworks */ = {isa = PBXBuildFile; fileRef = 4569C26F3B405C730AE12201 /* Pods_MesAmies.framework */; };
		F67609622827C7D6004DC9AF /* SignUpViewController.swift in Sources */ = {isa = PBXBuildFile; fileRef = F67609612827C7D6004DC9AF /* SignUpViewController.swift */; };
		F67778FF2829B09300AEAC5E /* MesamiesSession.swift in Sources */ = {isa = PBXBuildFile; fileRef = F67778FE2829B09300AEAC5E /* MesamiesSession.swift */; };
		F67779052829C4A100AEAC5E /* RequestService.swift in Sources */ = {isa = PBXBuildFile; fileRef = F67779042829C4A100AEAC5E /* RequestService.swift */; };
		F695B25D283E3B3E00CA124E /* CollegeViewController.swift in Sources */ = {isa = PBXBuildFile; fileRef = F695B25C283E3B3E00CA124E /* CollegeViewController.swift */; };
		F695B25F283E3B8200CA124E /* CollegeStudentTableViewCell.swift in Sources */ = {isa = PBXBuildFile; fileRef = F695B25E283E3B8200CA124E /* CollegeStudentTableViewCell.swift */; };
		F69A67CA2829208F00439DD6 /* SettingViewController.swift in Sources */ = {isa = PBXBuildFile; fileRef = F69A67C92829208F00439DD6 /* SettingViewController.swift */; };
		F69B4388283D45FF00B2D25F /* StudentTableViewCell.swift in Sources */ = {isa = PBXBuildFile; fileRef = F69B4387283D45FF00B2D25F /* StudentTableViewCell.swift */; };
		F6BC0E1928369508008519C1 /* Level.swift in Sources */ = {isa = PBXBuildFile; fileRef = F6BC0E1828369508008519C1 /* Level.swift */; };
		F6C5BB6B283F7855008B2DB1 /* LyceeStudentTableViewCell.swift in Sources */ = {isa = PBXBuildFile; fileRef = F6C5BB6A283F7855008B2DB1 /* LyceeStudentTableViewCell.swift */; };
		F6C5BB6D283F7887008B2DB1 /* LyceeViewController.swift in Sources */ = {isa = PBXBuildFile; fileRef = F6C5BB6C283F7887008B2DB1 /* LyceeViewController.swift */; };
		F6C970A72837C79500B5F764 /* ReponseSignIn.swift in Sources */ = {isa = PBXBuildFile; fileRef = F6C970A62837C79500B5F764 /* ReponseSignIn.swift */; };
		F6C9C7DD283D04B500728FE8 /* MaternelleViewController.swift in Sources */ = {isa = PBXBuildFile; fileRef = F6C9C7DC283D04B500728FE8 /* MaternelleViewController.swift */; };
		F6CA71CD2830FC4A00C60B3D /* Student.swift in Sources */ = {isa = PBXBuildFile; fileRef = F6CA71CC2830FC4A00C60B3D /* Student.swift */; };
		F6D59107281C1B1700F32F59 /* AppDelegate.swift in Sources */ = {isa = PBXBuildFile; fileRef = F6D59106281C1B1700F32F59 /* AppDelegate.swift */; };
		F6D59109281C1B1700F32F59 /* SceneDelegate.swift in Sources */ = {isa = PBXBuildFile; fileRef = F6D59108281C1B1700F32F59 /* SceneDelegate.swift */; };
		F6D5910B281C1B1700F32F59 /* SignInViewController.swift in Sources */ = {isa = PBXBuildFile; fileRef = F6D5910A281C1B1700F32F59 /* SignInViewController.swift */; };
		F6D5910E281C1B1700F32F59 /* Main.storyboard in Resources */ = {isa = PBXBuildFile; fileRef = F6D5910C281C1B1700F32F59 /* Main.storyboard */; };
		F6D59111281C1B1700F32F59 /* MesAmies.xcdatamodeld in Sources */ = {isa = PBXBuildFile; fileRef = F6D5910F281C1B1700F32F59 /* MesAmies.xcdatamodeld */; };
		F6D59113281C1B1900F32F59 /* Assets.xcassets in Resources */ = {isa = PBXBuildFile; fileRef = F6D59112281C1B1900F32F59 /* Assets.xcassets */; };
		F6D59116281C1B1900F32F59 /* LaunchScreen.storyboard in Resources */ = {isa = PBXBuildFile; fileRef = F6D59114281C1B1900F32F59 /* LaunchScreen.storyboard */; };
		F6D59121281C1B1900F32F59 /* MesAmiesTests.swift in Sources */ = {isa = PBXBuildFile; fileRef = F6D59120281C1B1900F32F59 /* MesAmiesTests.swift */; };
		F6D5912B281C1B1900F32F59 /* MesAmiesUITests.swift in Sources */ = {isa = PBXBuildFile; fileRef = F6D5912A281C1B1900F32F59 /* MesAmiesUITests.swift */; };
		F6D5912D281C1B1900F32F59 /* MesAmiesUITestsLaunchTests.swift in Sources */ = {isa = PBXBuildFile; fileRef = F6D5912C281C1B1900F32F59 /* MesAmiesUITestsLaunchTests.swift */; };
		F6E5F5CF282AFBE60089504D /* Reponse.swift in Sources */ = {isa = PBXBuildFile; fileRef = F6E5F5CE282AFBE60089504D /* Reponse.swift */; };
		F6E5F5D1282AFC0B0089504D /* School.swift in Sources */ = {isa = PBXBuildFile; fileRef = F6E5F5D0282AFC0B0089504D /* School.swift */; };
		F6E5F5D3282AFC2F0089504D /* RequestError.swift in Sources */ = {isa = PBXBuildFile; fileRef = F6E5F5D2282AFC2F0089504D /* RequestError.swift */; };
		F6E5F5D5282AFC520089504D /* SignIn.swift in Sources */ = {isa = PBXBuildFile; fileRef = F6E5F5D4282AFC520089504D /* SignIn.swift */; };
		F6E5F5D7282AFC7E0089504D /* SignUp.swift in Sources */ = {isa = PBXBuildFile; fileRef = F6E5F5D6282AFC7E0089504D /* SignUp.swift */; };
		F93C646BB49B39C2FFC9DFB8 /* Pods_MesAmies_MesAmiesUITests.framework in Frameworks */ = {isa = PBXBuildFile; fileRef = 5560E43F6754A86EEFB2BB86 /* Pods_MesAmies_MesAmiesUITests.framework */; };
/* End PBXBuildFile section */

/* Begin PBXContainerItemProxy section */
		F6D5911D281C1B1900F32F59 /* PBXContainerItemProxy */ = {
			isa = PBXContainerItemProxy;
			containerPortal = F6D590FB281C1B1700F32F59 /* Project object */;
			proxyType = 1;
			remoteGlobalIDString = F6D59102281C1B1700F32F59;
			remoteInfo = MesAmies;
		};
		F6D59127281C1B1900F32F59 /* PBXContainerItemProxy */ = {
			isa = PBXContainerItemProxy;
			containerPortal = F6D590FB281C1B1700F32F59 /* Project object */;
			proxyType = 1;
			remoteGlobalIDString = F6D59102281C1B1700F32F59;
			remoteInfo = MesAmies;
		};
/* End PBXContainerItemProxy section */

/* Begin PBXFileReference section */
		35FC27AE2C6CEEB1F02797C5 /* Pods-MesAmies-MesAmiesUITests.debug.xcconfig */ = {isa = PBXFileReference; includeInIndex = 1; lastKnownFileType = text.xcconfig; name = "Pods-MesAmies-MesAmiesUITests.debug.xcconfig"; path = "Target Support Files/Pods-MesAmies-MesAmiesUITests/Pods-MesAmies-MesAmiesUITests.debug.xcconfig"; sourceTree = "<group>"; };
		4569C26F3B405C730AE12201 /* Pods_MesAmies.framework */ = {isa = PBXFileReference; explicitFileType = wrapper.framework; includeInIndex = 0; path = Pods_MesAmies.framework; sourceTree = BUILT_PRODUCTS_DIR; };
		5560E43F6754A86EEFB2BB86 /* Pods_MesAmies_MesAmiesUITests.framework */ = {isa = PBXFileReference; explicitFileType = wrapper.framework; includeInIndex = 0; path = Pods_MesAmies_MesAmiesUITests.framework; sourceTree = BUILT_PRODUCTS_DIR; };
		594C8AEF83FBE6A6847289CF /* Pods-MesAmies-MesAmiesUITests.release.xcconfig */ = {isa = PBXFileReference; includeInIndex = 1; lastKnownFileType = text.xcconfig; name = "Pods-MesAmies-MesAmiesUITests.release.xcconfig"; path = "Target Support Files/Pods-MesAmies-MesAmiesUITests/Pods-MesAmies-MesAmiesUITests.release.xcconfig"; sourceTree = "<group>"; };
		9D66556CA5A6F5433A0F33A0 /* Pods_MesAmiesTests.framework */ = {isa = PBXFileReference; explicitFileType = wrapper.framework; includeInIndex = 0; path = Pods_MesAmiesTests.framework; sourceTree = BUILT_PRODUCTS_DIR; };
		ABCF0DDFA83EF9A4AF9666D1 /* Pods-MesAmies.release.xcconfig */ = {isa = PBXFileReference; includeInIndex = 1; lastKnownFileType = text.xcconfig; name = "Pods-MesAmies.release.xcconfig"; path = "Target Support Files/Pods-MesAmies/Pods-MesAmies.release.xcconfig"; sourceTree = "<group>"; };
		AD1AA9763C35DF6FE02949AC /* Pods-MesAmiesTests.release.xcconfig */ = {isa = PBXFileReference; includeInIndex = 1; lastKnownFileType = text.xcconfig; name = "Pods-MesAmiesTests.release.xcconfig"; path = "Target Support Files/Pods-MesAmiesTests/Pods-MesAmiesTests.release.xcconfig"; sourceTree = "<group>"; };
		E281F366A6F6A652918B5828 /* Pods-MesAmiesTests.debug.xcconfig */ = {isa = PBXFileReference; includeInIndex = 1; lastKnownFileType = text.xcconfig; name = "Pods-MesAmiesTests.debug.xcconfig"; path = "Target Support Files/Pods-MesAmiesTests/Pods-MesAmiesTests.debug.xcconfig"; sourceTree = "<group>"; };
		F659339C6D974FF252F87EF7 /* Pods-MesAmies.debug.xcconfig */ = {isa = PBXFileReference; includeInIndex = 1; lastKnownFileType = text.xcconfig; name = "Pods-MesAmies.debug.xcconfig"; path = "Target Support Files/Pods-MesAmies/Pods-MesAmies.debug.xcconfig"; sourceTree = "<group>"; };
		F67609612827C7D6004DC9AF /* SignUpViewController.swift */ = {isa = PBXFileReference; lastKnownFileType = sourcecode.swift; path = SignUpViewController.swift; sourceTree = "<group>"; };
		F67778FE2829B09300AEAC5E /* MesamiesSession.swift */ = {isa = PBXFileReference; lastKnownFileType = sourcecode.swift; path = MesamiesSession.swift; sourceTree = "<group>"; };
		F67779042829C4A100AEAC5E /* RequestService.swift */ = {isa = PBXFileReference; lastKnownFileType = sourcecode.swift; path = RequestService.swift; sourceTree = "<group>"; };
		F695B25C283E3B3E00CA124E /* CollegeViewController.swift */ = {isa = PBXFileReference; lastKnownFileType = sourcecode.swift; path = CollegeViewController.swift; sourceTree = "<group>"; };
		F695B25E283E3B8200CA124E /* CollegeStudentTableViewCell.swift */ = {isa = PBXFileReference; lastKnownFileType = sourcecode.swift; path = CollegeStudentTableViewCell.swift; sourceTree = "<group>"; };
		F69A67C92829208F00439DD6 /* SettingViewController.swift */ = {isa = PBXFileReference; lastKnownFileType = sourcecode.swift; path = SettingViewController.swift; sourceTree = "<group>"; };
		F69B4387283D45FF00B2D25F /* StudentTableViewCell.swift */ = {isa = PBXFileReference; lastKnownFileType = sourcecode.swift; path = StudentTableViewCell.swift; sourceTree = "<group>"; };
		F6BC0E1828369508008519C1 /* Level.swift */ = {isa = PBXFileReference; lastKnownFileType = sourcecode.swift; path = Level.swift; sourceTree = "<group>"; };
		F6C5BB6A283F7855008B2DB1 /* LyceeStudentTableViewCell.swift */ = {isa = PBXFileReference; lastKnownFileType = sourcecode.swift; path = LyceeStudentTableViewCell.swift; sourceTree = "<group>"; };
		F6C5BB6C283F7887008B2DB1 /* LyceeViewController.swift */ = {isa = PBXFileReference; lastKnownFileType = sourcecode.swift; path = LyceeViewController.swift; sourceTree = "<group>"; };
		F6C970A62837C79500B5F764 /* ReponseSignIn.swift */ = {isa = PBXFileReference; lastKnownFileType = sourcecode.swift; path = ReponseSignIn.swift; sourceTree = "<group>"; };
		F6C9C7DC283D04B500728FE8 /* MaternelleViewController.swift */ = {isa = PBXFileReference; lastKnownFileType = sourcecode.swift; path = MaternelleViewController.swift; sourceTree = "<group>"; };
		F6CA71CC2830FC4A00C60B3D /* Student.swift */ = {isa = PBXFileReference; lastKnownFileType = sourcecode.swift; path = Student.swift; sourceTree = "<group>"; };
		F6D59103281C1B1700F32F59 /* MesAmies.app */ = {isa = PBXFileReference; explicitFileType = wrapper.application; includeInIndex = 0; path = MesAmies.app; sourceTree = BUILT_PRODUCTS_DIR; };
		F6D59106281C1B1700F32F59 /* AppDelegate.swift */ = {isa = PBXFileReference; lastKnownFileType = sourcecode.swift; path = AppDelegate.swift; sourceTree = "<group>"; };
		F6D59108281C1B1700F32F59 /* SceneDelegate.swift */ = {isa = PBXFileReference; lastKnownFileType = sourcecode.swift; path = SceneDelegate.swift; sourceTree = "<group>"; };
		F6D5910A281C1B1700F32F59 /* SignInViewController.swift */ = {isa = PBXFileReference; lastKnownFileType = sourcecode.swift; path = SignInViewController.swift; sourceTree = "<group>"; };
		F6D5910D281C1B1700F32F59 /* Base */ = {isa = PBXFileReference; lastKnownFileType = file.storyboard; name = Base; path = Base.lproj/Main.storyboard; sourceTree = "<group>"; };
		F6D59110281C1B1700F32F59 /* MesAmies.xcdatamodel */ = {isa = PBXFileReference; lastKnownFileType = wrapper.xcdatamodel; path = MesAmies.xcdatamodel; sourceTree = "<group>"; };
		F6D59112281C1B1900F32F59 /* Assets.xcassets */ = {isa = PBXFileReference; lastKnownFileType = folder.assetcatalog; path = Assets.xcassets; sourceTree = "<group>"; };
		F6D59115281C1B1900F32F59 /* Base */ = {isa = PBXFileReference; lastKnownFileType = file.storyboard; name = Base; path = Base.lproj/LaunchScreen.storyboard; sourceTree = "<group>"; };
		F6D59117281C1B1900F32F59 /* Info.plist */ = {isa = PBXFileReference; lastKnownFileType = text.plist.xml; path = Info.plist; sourceTree = "<group>"; };
		F6D5911C281C1B1900F32F59 /* MesAmiesTests.xctest */ = {isa = PBXFileReference; explicitFileType = wrapper.cfbundle; includeInIndex = 0; path = MesAmiesTests.xctest; sourceTree = BUILT_PRODUCTS_DIR; };
		F6D59120281C1B1900F32F59 /* MesAmiesTests.swift */ = {isa = PBXFileReference; lastKnownFileType = sourcecode.swift; path = MesAmiesTests.swift; sourceTree = "<group>"; };
		F6D59126281C1B1900F32F59 /* MesAmiesUITests.xctest */ = {isa = PBXFileReference; explicitFileType = wrapper.cfbundle; includeInIndex = 0; path = MesAmiesUITests.xctest; sourceTree = BUILT_PRODUCTS_DIR; };
		F6D5912A281C1B1900F32F59 /* MesAmiesUITests.swift */ = {isa = PBXFileReference; lastKnownFileType = sourcecode.swift; path = MesAmiesUITests.swift; sourceTree = "<group>"; };
		F6D5912C281C1B1900F32F59 /* MesAmiesUITestsLaunchTests.swift */ = {isa = PBXFileReference; lastKnownFileType = sourcecode.swift; path = MesAmiesUITestsLaunchTests.swift; sourceTree = "<group>"; };
		F6E5F5CE282AFBE60089504D /* Reponse.swift */ = {isa = PBXFileReference; lastKnownFileType = sourcecode.swift; path = Reponse.swift; sourceTree = "<group>"; };
		F6E5F5D0282AFC0B0089504D /* School.swift */ = {isa = PBXFileReference; lastKnownFileType = sourcecode.swift; path = School.swift; sourceTree = "<group>"; };
		F6E5F5D2282AFC2F0089504D /* RequestError.swift */ = {isa = PBXFileReference; lastKnownFileType = sourcecode.swift; path = RequestError.swift; sourceTree = "<group>"; };
		F6E5F5D4282AFC520089504D /* SignIn.swift */ = {isa = PBXFileReference; lastKnownFileType = sourcecode.swift; path = SignIn.swift; sourceTree = "<group>"; };
		F6E5F5D6282AFC7E0089504D /* SignUp.swift */ = {isa = PBXFileReference; lastKnownFileType = sourcecode.swift; path = SignUp.swift; sourceTree = "<group>"; };
/* End PBXFileReference section */

/* Begin PBXFrameworksBuildPhase section */
		F6D59100281C1B1700F32F59 /* Frameworks */ = {
			isa = PBXFrameworksBuildPhase;
			buildActionMask = 2147483647;
			files = (
				330AAF9DCCB1839A68F7EA1A /* Pods_MesAmies.framework in Frameworks */,
			);
			runOnlyForDeploymentPostprocessing = 0;
		};
		F6D59119281C1B1900F32F59 /* Frameworks */ = {
			isa = PBXFrameworksBuildPhase;
			buildActionMask = 2147483647;
			files = (
				2CF6F8790EA91F745BBAD35D /* Pods_MesAmiesTests.framework in Frameworks */,
			);
			runOnlyForDeploymentPostprocessing = 0;
		};
		F6D59123281C1B1900F32F59 /* Frameworks */ = {
			isa = PBXFrameworksBuildPhase;
			buildActionMask = 2147483647;
			files = (
				F93C646BB49B39C2FFC9DFB8 /* Pods_MesAmies_MesAmiesUITests.framework in Frameworks */,
			);
			runOnlyForDeploymentPostprocessing = 0;
		};
/* End PBXFrameworksBuildPhase section */

/* Begin PBXGroup section */
		0622044BA12AC95A545B6C94 /* Frameworks */ = {
			isa = PBXGroup;
			children = (
				4569C26F3B405C730AE12201 /* Pods_MesAmies.framework */,
				5560E43F6754A86EEFB2BB86 /* Pods_MesAmies_MesAmiesUITests.framework */,
				9D66556CA5A6F5433A0F33A0 /* Pods_MesAmiesTests.framework */,
			);
			name = Frameworks;
			sourceTree = "<group>";
		};
		57C467368A43A7427DF7AF8D /* Pods */ = {
			isa = PBXGroup;
			children = (
				F659339C6D974FF252F87EF7 /* Pods-MesAmies.debug.xcconfig */,
				ABCF0DDFA83EF9A4AF9666D1 /* Pods-MesAmies.release.xcconfig */,
				35FC27AE2C6CEEB1F02797C5 /* Pods-MesAmies-MesAmiesUITests.debug.xcconfig */,
				594C8AEF83FBE6A6847289CF /* Pods-MesAmies-MesAmiesUITests.release.xcconfig */,
				E281F366A6F6A652918B5828 /* Pods-MesAmiesTests.debug.xcconfig */,
				AD1AA9763C35DF6FE02949AC /* Pods-MesAmiesTests.release.xcconfig */,
			);
			path = Pods;
			sourceTree = "<group>";
		};
		F676095C2827B86F004DC9AF /* Repository */ = {
			isa = PBXGroup;
			children = (
				F67778FE2829B09300AEAC5E /* MesamiesSession.swift */,
				F67779042829C4A100AEAC5E /* RequestService.swift */,
			);
			path = Repository;
			sourceTree = "<group>";
		};
		F695B25A283E3B0200CA124E /* CollegeViewController */ = {
			isa = PBXGroup;
			children = (
				F695B25B283E3B1700CA124E /* Cells */,
				F695B25C283E3B3E00CA124E /* CollegeViewController.swift */,
			);
			path = CollegeViewController;
			sourceTree = "<group>";
		};
		F695B25B283E3B1700CA124E /* Cells */ = {
			isa = PBXGroup;
			children = (
				F695B25E283E3B8200CA124E /* CollegeStudentTableViewCell.swift */,
			);
			path = Cells;
			sourceTree = "<group>";
		};
		F69B4385283D458B00B2D25F /* MaternnelViewController */ = {
			isa = PBXGroup;
			children = (
				F69B4386283D45AA00B2D25F /* Cells */,
				F6C9C7DC283D04B500728FE8 /* MaternelleViewController.swift */,
			);
			path = MaternnelViewController;
			sourceTree = "<group>";
		};
		F69B4386283D45AA00B2D25F /* Cells */ = {
			isa = PBXGroup;
			children = (
				F69B4387283D45FF00B2D25F /* StudentTableViewCell.swift */,
			);
			path = Cells;
			sourceTree = "<group>";
		};
		F6C5BB68283F7813008B2DB1 /* LyceeViewController */ = {
			isa = PBXGroup;
			children = (
				F6C5BB69283F7827008B2DB1 /* Cells */,
				F6C5BB6C283F7887008B2DB1 /* LyceeViewController.swift */,
			);
			path = LyceeViewController;
			sourceTree = "<group>";
		};
		F6C5BB69283F7827008B2DB1 /* Cells */ = {
			isa = PBXGroup;
			children = (
				F6C5BB6A283F7855008B2DB1 /* LyceeStudentTableViewCell.swift */,
			);
			path = Cells;
			sourceTree = "<group>";
		};
		F6D590FA281C1B1700F32F59 = {
			isa = PBXGroup;
			children = (
				F6D59105281C1B1700F32F59 /* MesAmies */,
				F6D5911F281C1B1900F32F59 /* MesAmiesTests */,
				F6D59129281C1B1900F32F59 /* MesAmiesUITests */,
				F6D59104281C1B1700F32F59 /* Products */,
				57C467368A43A7427DF7AF8D /* Pods */,
				0622044BA12AC95A545B6C94 /* Frameworks */,
			);
			sourceTree = "<group>";
		};
		F6D59104281C1B1700F32F59 /* Products */ = {
			isa = PBXGroup;
			children = (
				F6D59103281C1B1700F32F59 /* MesAmies.app */,
				F6D5911C281C1B1900F32F59 /* MesAmiesTests.xctest */,
				F6D59126281C1B1900F32F59 /* MesAmiesUITests.xctest */,
			);
			name = Products;
			sourceTree = "<group>";
		};
		F6D59105281C1B1700F32F59 /* MesAmies */ = {
			isa = PBXGroup;
			children = (
				F676095C2827B86F004DC9AF /* Repository */,
				F6D5913F281C1C9B00F32F59 /* Data */,
				F6D5913E281C1C8500F32F59 /* Supports */,
				F6D5913C281C1C6C00F32F59 /* Views */,
				F6D5913B281C1C5E00F32F59 /* Controllers */,
				F6D5913A281C1C5700F32F59 /* Models */,
			);
			path = MesAmies;
			sourceTree = "<group>";
		};
		F6D5911F281C1B1900F32F59 /* MesAmiesTests */ = {
			isa = PBXGroup;
			children = (
				F6D59120281C1B1900F32F59 /* MesAmiesTests.swift */,
			);
			path = MesAmiesTests;
			sourceTree = "<group>";
		};
		F6D59129281C1B1900F32F59 /* MesAmiesUITests */ = {
			isa = PBXGroup;
			children = (
				F6D5912A281C1B1900F32F59 /* MesAmiesUITests.swift */,
				F6D5912C281C1B1900F32F59 /* MesAmiesUITestsLaunchTests.swift */,
			);
			path = MesAmiesUITests;
			sourceTree = "<group>";
		};
		F6D5913A281C1C5700F32F59 /* Models */ = {
			isa = PBXGroup;
			children = (
				F6E5F5CE282AFBE60089504D /* Reponse.swift */,
				F6E5F5D0282AFC0B0089504D /* School.swift */,
				F6E5F5D2282AFC2F0089504D /* RequestError.swift */,
				F6E5F5D4282AFC520089504D /* SignIn.swift */,
				F6E5F5D6282AFC7E0089504D /* SignUp.swift */,
				F6CA71CC2830FC4A00C60B3D /* Student.swift */,
				F6BC0E1828369508008519C1 /* Level.swift */,
				F6C970A62837C79500B5F764 /* ReponseSignIn.swift */,
			);
			path = Models;
			sourceTree = "<group>";
		};
		F6D5913B281C1C5E00F32F59 /* Controllers */ = {
			isa = PBXGroup;
			children = (
				F6C5BB68283F7813008B2DB1 /* LyceeViewController */,
				F695B25A283E3B0200CA124E /* CollegeViewController */,
				F69B4385283D458B00B2D25F /* MaternnelViewController */,
				F6D5910A281C1B1700F32F59 /* SignInViewController.swift */,
				F67609612827C7D6004DC9AF /* SignUpViewController.swift */,
				F69A67C92829208F00439DD6 /* SettingViewController.swift */,
			);
			path = Controllers;
			sourceTree = "<group>";
		};
		F6D5913C281C1C6C00F32F59 /* Views */ = {
			isa = PBXGroup;
			children = (
				F6D5910C281C1B1700F32F59 /* Main.storyboard */,
				F6D59114281C1B1900F32F59 /* LaunchScreen.storyboard */,
			);
			path = Views;
			sourceTree = "<group>";
		};
		F6D5913E281C1C8500F32F59 /* Supports */ = {
			isa = PBXGroup;
			children = (
				F6D59106281C1B1700F32F59 /* AppDelegate.swift */,
				F6D59108281C1B1700F32F59 /* SceneDelegate.swift */,
				F6D59112281C1B1900F32F59 /* Assets.xcassets */,
				F6D59117281C1B1900F32F59 /* Info.plist */,
			);
			path = Supports;
			sourceTree = "<group>";
		};
		F6D5913F281C1C9B00F32F59 /* Data */ = {
			isa = PBXGroup;
			children = (
				F6D5910F281C1B1700F32F59 /* MesAmies.xcdatamodeld */,
			);
			path = Data;
			sourceTree = "<group>";
		};
/* End PBXGroup section */

/* Begin PBXNativeTarget section */
		F6D59102281C1B1700F32F59 /* MesAmies */ = {
			isa = PBXNativeTarget;
			buildConfigurationList = F6D59130281C1B1900F32F59 /* Build configuration list for PBXNativeTarget "MesAmies" */;
			buildPhases = (
				8C9241C0902EB2DF99698940 /* [CP] Check Pods Manifest.lock */,
				F6D590FF281C1B1700F32F59 /* Sources */,
				F6D59100281C1B1700F32F59 /* Frameworks */,
				F6D59101281C1B1700F32F59 /* Resources */,
				9B836837A33625311B24F22D /* [CP] Embed Pods Frameworks */,
			);
			buildRules = (
			);
			dependencies = (
			);
			name = MesAmies;
			productName = MesAmies;
			productReference = F6D59103281C1B1700F32F59 /* MesAmies.app */;
			productType = "com.apple.product-type.application";
		};
		F6D5911B281C1B1900F32F59 /* MesAmiesTests */ = {
			isa = PBXNativeTarget;
			buildConfigurationList = F6D59133281C1B1900F32F59 /* Build configuration list for PBXNativeTarget "MesAmiesTests" */;
			buildPhases = (
				836AEBBB679654E9178647DD /* [CP] Check Pods Manifest.lock */,
				F6D59118281C1B1900F32F59 /* Sources */,
				F6D59119281C1B1900F32F59 /* Frameworks */,
				F6D5911A281C1B1900F32F59 /* Resources */,
			);
			buildRules = (
			);
			dependencies = (
				F6D5911E281C1B1900F32F59 /* PBXTargetDependency */,
			);
			name = MesAmiesTests;
			productName = MesAmiesTests;
			productReference = F6D5911C281C1B1900F32F59 /* MesAmiesTests.xctest */;
			productType = "com.apple.product-type.bundle.unit-test";
		};
		F6D59125281C1B1900F32F59 /* MesAmiesUITests */ = {
			isa = PBXNativeTarget;
			buildConfigurationList = F6D59136281C1B1900F32F59 /* Build configuration list for PBXNativeTarget "MesAmiesUITests" */;
			buildPhases = (
				17CA794B047C6699CA871B5E /* [CP] Check Pods Manifest.lock */,
				F6D59122281C1B1900F32F59 /* Sources */,
				F6D59123281C1B1900F32F59 /* Frameworks */,
				F6D59124281C1B1900F32F59 /* Resources */,
				B4617151D0D1001B34AFF9FA /* [CP] Embed Pods Frameworks */,
			);
			buildRules = (
			);
			dependencies = (
				F6D59128281C1B1900F32F59 /* PBXTargetDependency */,
			);
			name = MesAmiesUITests;
			productName = MesAmiesUITests;
			productReference = F6D59126281C1B1900F32F59 /* MesAmiesUITests.xctest */;
			productType = "com.apple.product-type.bundle.ui-testing";
		};
/* End PBXNativeTarget section */

/* Begin PBXProject section */
		F6D590FB281C1B1700F32F59 /* Project object */ = {
			isa = PBXProject;
			attributes = {
				BuildIndependentTargetsInParallel = 1;
				LastSwiftUpdateCheck = 1320;
				LastUpgradeCheck = 1320;
				TargetAttributes = {
					F6D59102281C1B1700F32F59 = {
						CreatedOnToolsVersion = 13.2.1;
					};
					F6D5911B281C1B1900F32F59 = {
						CreatedOnToolsVersion = 13.2.1;
						TestTargetID = F6D59102281C1B1700F32F59;
					};
					F6D59125281C1B1900F32F59 = {
						CreatedOnToolsVersion = 13.2.1;
						TestTargetID = F6D59102281C1B1700F32F59;
					};
				};
			};
			buildConfigurationList = F6D590FE281C1B1700F32F59 /* Build configuration list for PBXProject "MesAmies" */;
			compatibilityVersion = "Xcode 13.0";
			developmentRegion = en;
			hasScannedForEncodings = 0;
			knownRegions = (
				en,
				Base,
			);
			mainGroup = F6D590FA281C1B1700F32F59;
			productRefGroup = F6D59104281C1B1700F32F59 /* Products */;
			projectDirPath = "";
			projectRoot = "";
			targets = (
				F6D59102281C1B1700F32F59 /* MesAmies */,
				F6D5911B281C1B1900F32F59 /* MesAmiesTests */,
				F6D59125281C1B1900F32F59 /* MesAmiesUITests */,
			);
		};
/* End PBXProject section */

/* Begin PBXResourcesBuildPhase section */
		F6D59101281C1B1700F32F59 /* Resources */ = {
			isa = PBXResourcesBuildPhase;
			buildActionMask = 2147483647;
			files = (
				F6D59116281C1B1900F32F59 /* LaunchScreen.storyboard in Resources */,
				F6D59113281C1B1900F32F59 /* Assets.xcassets in Resources */,
				F6D5910E281C1B1700F32F59 /* Main.storyboard in Resources */,
			);
			runOnlyForDeploymentPostprocessing = 0;
		};
		F6D5911A281C1B1900F32F59 /* Resources */ = {
			isa = PBXResourcesBuildPhase;
			buildActionMask = 2147483647;
			files = (
			);
			runOnlyForDeploymentPostprocessing = 0;
		};
		F6D59124281C1B1900F32F59 /* Resources */ = {
			isa = PBXResourcesBuildPhase;
			buildActionMask = 2147483647;
			files = (
			);
			runOnlyForDeploymentPostprocessing = 0;
		};
/* End PBXResourcesBuildPhase section */

/* Begin PBXShellScriptBuildPhase section */
		17CA794B047C6699CA871B5E /* [CP] Check Pods Manifest.lock */ = {
			isa = PBXShellScriptBuildPhase;
			buildActionMask = 2147483647;
			files = (
			);
			inputFileListPaths = (
			);
			inputPaths = (
				"${PODS_PODFILE_DIR_PATH}/Podfile.lock",
				"${PODS_ROOT}/Manifest.lock",
			);
			name = "[CP] Check Pods Manifest.lock";
			outputFileListPaths = (
			);
			outputPaths = (
				"$(DERIVED_FILE_DIR)/Pods-MesAmies-MesAmiesUITests-checkManifestLockResult.txt",
			);
			runOnlyForDeploymentPostprocessing = 0;
			shellPath = /bin/sh;
			shellScript = "diff \"${PODS_PODFILE_DIR_PATH}/Podfile.lock\" \"${PODS_ROOT}/Manifest.lock\" > /dev/null\nif [ $? != 0 ] ; then\n    # print error to STDERR\n    echo \"error: The sandbox is not in sync with the Podfile.lock. Run 'pod install' or update your CocoaPods installation.\" >&2\n    exit 1\nfi\n# This output is used by Xcode 'outputs' to avoid re-running this script phase.\necho \"SUCCESS\" > \"${SCRIPT_OUTPUT_FILE_0}\"\n";
			showEnvVarsInLog = 0;
		};
		836AEBBB679654E9178647DD /* [CP] Check Pods Manifest.lock */ = {
			isa = PBXShellScriptBuildPhase;
			buildActionMask = 2147483647;
			files = (
			);
			inputFileListPaths = (
			);
			inputPaths = (
				"${PODS_PODFILE_DIR_PATH}/Podfile.lock",
				"${PODS_ROOT}/Manifest.lock",
			);
			name = "[CP] Check Pods Manifest.lock";
			outputFileListPaths = (
			);
			outputPaths = (
				"$(DERIVED_FILE_DIR)/Pods-MesAmiesTests-checkManifestLockResult.txt",
			);
			runOnlyForDeploymentPostprocessing = 0;
			shellPath = /bin/sh;
			shellScript = "diff \"${PODS_PODFILE_DIR_PATH}/Podfile.lock\" \"${PODS_ROOT}/Manifest.lock\" > /dev/null\nif [ $? != 0 ] ; then\n    # print error to STDERR\n    echo \"error: The sandbox is not in sync with the Podfile.lock. Run 'pod install' or update your CocoaPods installation.\" >&2\n    exit 1\nfi\n# This output is used by Xcode 'outputs' to avoid re-running this script phase.\necho \"SUCCESS\" > \"${SCRIPT_OUTPUT_FILE_0}\"\n";
			showEnvVarsInLog = 0;
		};
		8C9241C0902EB2DF99698940 /* [CP] Check Pods Manifest.lock */ = {
			isa = PBXShellScriptBuildPhase;
			buildActionMask = 2147483647;
			files = (
			);
			inputFileListPaths = (
			);
			inputPaths = (
				"${PODS_PODFILE_DIR_PATH}/Podfile.lock",
				"${PODS_ROOT}/Manifest.lock",
			);
			name = "[CP] Check Pods Manifest.lock";
			outputFileListPaths = (
			);
			outputPaths = (
				"$(DERIVED_FILE_DIR)/Pods-MesAmies-checkManifestLockResult.txt",
			);
			runOnlyForDeploymentPostprocessing = 0;
			shellPath = /bin/sh;
			shellScript = "diff \"${PODS_PODFILE_DIR_PATH}/Podfile.lock\" \"${PODS_ROOT}/Manifest.lock\" > /dev/null\nif [ $? != 0 ] ; then\n    # print error to STDERR\n    echo \"error: The sandbox is not in sync with the Podfile.lock. Run 'pod install' or update your CocoaPods installation.\" >&2\n    exit 1\nfi\n# This output is used by Xcode 'outputs' to avoid re-running this script phase.\necho \"SUCCESS\" > \"${SCRIPT_OUTPUT_FILE_0}\"\n";
			showEnvVarsInLog = 0;
		};
		9B836837A33625311B24F22D /* [CP] Embed Pods Frameworks */ = {
			isa = PBXShellScriptBuildPhase;
			buildActionMask = 2147483647;
			files = (
			);
			inputFileListPaths = (
				"${PODS_ROOT}/Target Support Files/Pods-MesAmies/Pods-MesAmies-frameworks-${CONFIGURATION}-input-files.xcfilelist",
			);
			name = "[CP] Embed Pods Frameworks";
			outputFileListPaths = (
				"${PODS_ROOT}/Target Support Files/Pods-MesAmies/Pods-MesAmies-frameworks-${CONFIGURATION}-output-files.xcfilelist",
			);
			runOnlyForDeploymentPostprocessing = 0;
			shellPath = /bin/sh;
			shellScript = "\"${PODS_ROOT}/Target Support Files/Pods-MesAmies/Pods-MesAmies-frameworks.sh\"\n";
			showEnvVarsInLog = 0;
		};
		B4617151D0D1001B34AFF9FA /* [CP] Embed Pods Frameworks */ = {
			isa = PBXShellScriptBuildPhase;
			buildActionMask = 2147483647;
			files = (
			);
			inputFileListPaths = (
				"${PODS_ROOT}/Target Support Files/Pods-MesAmies-MesAmiesUITests/Pods-MesAmies-MesAmiesUITests-frameworks-${CONFIGURATION}-input-files.xcfilelist",
			);
			name = "[CP] Embed Pods Frameworks";
			outputFileListPaths = (
				"${PODS_ROOT}/Target Support Files/Pods-MesAmies-MesAmiesUITests/Pods-MesAmies-MesAmiesUITests-frameworks-${CONFIGURATION}-output-files.xcfilelist",
			);
			runOnlyForDeploymentPostprocessing = 0;
			shellPath = /bin/sh;
			shellScript = "\"${PODS_ROOT}/Target Support Files/Pods-MesAmies-MesAmiesUITests/Pods-MesAmies-MesAmiesUITests-frameworks.sh\"\n";
			showEnvVarsInLog = 0;
		};
/* End PBXShellScriptBuildPhase section */

/* Begin PBXSourcesBuildPhase section */
		F6D590FF281C1B1700F32F59 /* Sources */ = {
			isa = PBXSourcesBuildPhase;
			buildActionMask = 2147483647;
			files = (
				F6C5BB6B283F7855008B2DB1 /* LyceeStudentTableViewCell.swift in Sources */,
				F67609622827C7D6004DC9AF /* SignUpViewController.swift in Sources */,
				F67779052829C4A100AEAC5E /* RequestService.swift in Sources */,
				F6C970A72837C79500B5F764 /* ReponseSignIn.swift in Sources */,
				F6D5910B281C1B1700F32F59 /* SignInViewController.swift in Sources */,
				F6E5F5D3282AFC2F0089504D /* RequestError.swift in Sources */,
				F69B4388283D45FF00B2D25F /* StudentTableViewCell.swift in Sources */,
				F6E5F5CF282AFBE60089504D /* Reponse.swift in Sources */,
				F6D59111281C1B1700F32F59 /* MesAmies.xcdatamodeld in Sources */,
				F6D59107281C1B1700F32F59 /* AppDelegate.swift in Sources */,
				F6E5F5D1282AFC0B0089504D /* School.swift in Sources */,
				F6BC0E1928369508008519C1 /* Level.swift in Sources */,
				F695B25F283E3B8200CA124E /* CollegeStudentTableViewCell.swift in Sources */,
				F6CA71CD2830FC4A00C60B3D /* Student.swift in Sources */,
				F69A67CA2829208F00439DD6 /* SettingViewController.swift in Sources */,
				F67778FF2829B09300AEAC5E /* MesamiesSession.swift in Sources */,
				F6D59109281C1B1700F32F59 /* SceneDelegate.swift in Sources */,
				F6E5F5D7282AFC7E0089504D /* SignUp.swift in Sources */,
				F6C9C7DD283D04B500728FE8 /* MaternelleViewController.swift in Sources */,
				F6C5BB6D283F7887008B2DB1 /* LyceeViewController.swift in Sources */,
				F695B25D283E3B3E00CA124E /* CollegeViewController.swift in Sources */,
				F6E5F5D5282AFC520089504D /* SignIn.swift in Sources */,
			);
			runOnlyForDeploymentPostprocessing = 0;
		};
		F6D59118281C1B1900F32F59 /* Sources */ = {
			isa = PBXSourcesBuildPhase;
			buildActionMask = 2147483647;
			files = (
				F6D59121281C1B1900F32F59 /* MesAmiesTests.swift in Sources */,
			);
			runOnlyForDeploymentPostprocessing = 0;
		};
		F6D59122281C1B1900F32F59 /* Sources */ = {
			isa = PBXSourcesBuildPhase;
			buildActionMask = 2147483647;
			files = (
				F6D5912D281C1B1900F32F59 /* MesAmiesUITestsLaunchTests.swift in Sources */,
				F6D5912B281C1B1900F32F59 /* MesAmiesUITests.swift in Sources */,
			);
			runOnlyForDeploymentPostprocessing = 0;
		};
/* End PBXSourcesBuildPhase section */

/* Begin PBXTargetDependency section */
		F6D5911E281C1B1900F32F59 /* PBXTargetDependency */ = {
			isa = PBXTargetDependency;
			target = F6D59102281C1B1700F32F59 /* MesAmies */;
			targetProxy = F6D5911D281C1B1900F32F59 /* PBXContainerItemProxy */;
		};
		F6D59128281C1B1900F32F59 /* PBXTargetDependency */ = {
			isa = PBXTargetDependency;
			target = F6D59102281C1B1700F32F59 /* MesAmies */;
			targetProxy = F6D59127281C1B1900F32F59 /* PBXContainerItemProxy */;
		};
/* End PBXTargetDependency section */

/* Begin PBXVariantGroup section */
		F6D5910C281C1B1700F32F59 /* Main.storyboard */ = {
			isa = PBXVariantGroup;
			children = (
				F6D5910D281C1B1700F32F59 /* Base */,
			);
			name = Main.storyboard;
			sourceTree = "<group>";
		};
		F6D59114281C1B1900F32F59 /* LaunchScreen.storyboard */ = {
			isa = PBXVariantGroup;
			children = (
				F6D59115281C1B1900F32F59 /* Base */,
			);
			name = LaunchScreen.storyboard;
			sourceTree = "<group>";
		};
/* End PBXVariantGroup section */

/* Begin XCBuildConfiguration section */
		F6D5912E281C1B1900F32F59 /* Debug */ = {
			isa = XCBuildConfiguration;
			buildSettings = {
				ALWAYS_SEARCH_USER_PATHS = NO;
				CLANG_ANALYZER_NONNULL = YES;
				CLANG_ANALYZER_NUMBER_OBJECT_CONVERSION = YES_AGGRESSIVE;
				CLANG_CXX_LANGUAGE_STANDARD = "gnu++17";
				CLANG_CXX_LIBRARY = "libc++";
				CLANG_ENABLE_MODULES = YES;
				CLANG_ENABLE_OBJC_ARC = YES;
				CLANG_ENABLE_OBJC_WEAK = YES;
				CLANG_WARN_BLOCK_CAPTURE_AUTORELEASING = YES;
				CLANG_WARN_BOOL_CONVERSION = YES;
				CLANG_WARN_COMMA = YES;
				CLANG_WARN_CONSTANT_CONVERSION = YES;
				CLANG_WARN_DEPRECATED_OBJC_IMPLEMENTATIONS = YES;
				CLANG_WARN_DIRECT_OBJC_ISA_USAGE = YES_ERROR;
				CLANG_WARN_DOCUMENTATION_COMMENTS = YES;
				CLANG_WARN_EMPTY_BODY = YES;
				CLANG_WARN_ENUM_CONVERSION = YES;
				CLANG_WARN_INFINITE_RECURSION = YES;
				CLANG_WARN_INT_CONVERSION = YES;
				CLANG_WARN_NON_LITERAL_NULL_CONVERSION = YES;
				CLANG_WARN_OBJC_IMPLICIT_RETAIN_SELF = YES;
				CLANG_WARN_OBJC_LITERAL_CONVERSION = YES;
				CLANG_WARN_OBJC_ROOT_CLASS = YES_ERROR;
				CLANG_WARN_QUOTED_INCLUDE_IN_FRAMEWORK_HEADER = YES;
				CLANG_WARN_RANGE_LOOP_ANALYSIS = YES;
				CLANG_WARN_STRICT_PROTOTYPES = YES;
				CLANG_WARN_SUSPICIOUS_MOVE = YES;
				CLANG_WARN_UNGUARDED_AVAILABILITY = YES_AGGRESSIVE;
				CLANG_WARN_UNREACHABLE_CODE = YES;
				CLANG_WARN__DUPLICATE_METHOD_MATCH = YES;
				COPY_PHASE_STRIP = NO;
				DEBUG_INFORMATION_FORMAT = dwarf;
				ENABLE_STRICT_OBJC_MSGSEND = YES;
				ENABLE_TESTABILITY = YES;
				GCC_C_LANGUAGE_STANDARD = gnu11;
				GCC_DYNAMIC_NO_PIC = NO;
				GCC_NO_COMMON_BLOCKS = YES;
				GCC_OPTIMIZATION_LEVEL = 0;
				GCC_PREPROCESSOR_DEFINITIONS = (
					"DEBUG=1",
					"$(inherited)",
				);
				GCC_WARN_64_TO_32_BIT_CONVERSION = YES;
				GCC_WARN_ABOUT_RETURN_TYPE = YES_ERROR;
				GCC_WARN_UNDECLARED_SELECTOR = YES;
				GCC_WARN_UNINITIALIZED_AUTOS = YES_AGGRESSIVE;
				GCC_WARN_UNUSED_FUNCTION = YES;
				GCC_WARN_UNUSED_VARIABLE = YES;
				IPHONEOS_DEPLOYMENT_TARGET = 15.2;
				MTL_ENABLE_DEBUG_INFO = INCLUDE_SOURCE;
				MTL_FAST_MATH = YES;
				ONLY_ACTIVE_ARCH = YES;
				SDKROOT = iphoneos;
				SWIFT_ACTIVE_COMPILATION_CONDITIONS = DEBUG;
				SWIFT_OPTIMIZATION_LEVEL = "-Onone";
			};
			name = Debug;
		};
		F6D5912F281C1B1900F32F59 /* Release */ = {
			isa = XCBuildConfiguration;
			buildSettings = {
				ALWAYS_SEARCH_USER_PATHS = NO;
				CLANG_ANALYZER_NONNULL = YES;
				CLANG_ANALYZER_NUMBER_OBJECT_CONVERSION = YES_AGGRESSIVE;
				CLANG_CXX_LANGUAGE_STANDARD = "gnu++17";
				CLANG_CXX_LIBRARY = "libc++";
				CLANG_ENABLE_MODULES = YES;
				CLANG_ENABLE_OBJC_ARC = YES;
				CLANG_ENABLE_OBJC_WEAK = YES;
				CLANG_WARN_BLOCK_CAPTURE_AUTORELEASING = YES;
				CLANG_WARN_BOOL_CONVERSION = YES;
				CLANG_WARN_COMMA = YES;
				CLANG_WARN_CONSTANT_CONVERSION = YES;
				CLANG_WARN_DEPRECATED_OBJC_IMPLEMENTATIONS = YES;
				CLANG_WARN_DIRECT_OBJC_ISA_USAGE = YES_ERROR;
				CLANG_WARN_DOCUMENTATION_COMMENTS = YES;
				CLANG_WARN_EMPTY_BODY = YES;
				CLANG_WARN_ENUM_CONVERSION = YES;
				CLANG_WARN_INFINITE_RECURSION = YES;
				CLANG_WARN_INT_CONVERSION = YES;
				CLANG_WARN_NON_LITERAL_NULL_CONVERSION = YES;
				CLANG_WARN_OBJC_IMPLICIT_RETAIN_SELF = YES;
				CLANG_WARN_OBJC_LITERAL_CONVERSION = YES;
				CLANG_WARN_OBJC_ROOT_CLASS = YES_ERROR;
				CLANG_WARN_QUOTED_INCLUDE_IN_FRAMEWORK_HEADER = YES;
				CLANG_WARN_RANGE_LOOP_ANALYSIS = YES;
				CLANG_WARN_STRICT_PROTOTYPES = YES;
				CLANG_WARN_SUSPICIOUS_MOVE = YES;
				CLANG_WARN_UNGUARDED_AVAILABILITY = YES_AGGRESSIVE;
				CLANG_WARN_UNREACHABLE_CODE = YES;
				CLANG_WARN__DUPLICATE_METHOD_MATCH = YES;
				COPY_PHASE_STRIP = NO;
				DEBUG_INFORMATION_FORMAT = "dwarf-with-dsym";
				ENABLE_NS_ASSERTIONS = NO;
				ENABLE_STRICT_OBJC_MSGSEND = YES;
				GCC_C_LANGUAGE_STANDARD = gnu11;
				GCC_NO_COMMON_BLOCKS = YES;
				GCC_WARN_64_TO_32_BIT_CONVERSION = YES;
				GCC_WARN_ABOUT_RETURN_TYPE = YES_ERROR;
				GCC_WARN_UNDECLARED_SELECTOR = YES;
				GCC_WARN_UNINITIALIZED_AUTOS = YES_AGGRESSIVE;
				GCC_WARN_UNUSED_FUNCTION = YES;
				GCC_WARN_UNUSED_VARIABLE = YES;
				IPHONEOS_DEPLOYMENT_TARGET = 15.2;
				MTL_ENABLE_DEBUG_INFO = NO;
				MTL_FAST_MATH = YES;
				SDKROOT = iphoneos;
				SWIFT_COMPILATION_MODE = wholemodule;
				SWIFT_OPTIMIZATION_LEVEL = "-O";
				VALIDATE_PRODUCT = YES;
			};
			name = Release;
		};
		F6D59131281C1B1900F32F59 /* Debug */ = {
			isa = XCBuildConfiguration;
			baseConfigurationReference = F659339C6D974FF252F87EF7 /* Pods-MesAmies.debug.xcconfig */;
			buildSettings = {
				ASSETCATALOG_COMPILER_APPICON_NAME = AppIcon;
				ASSETCATALOG_COMPILER_GLOBAL_ACCENT_COLOR_NAME = AccentColor;
				CODE_SIGN_STYLE = Automatic;
				CURRENT_PROJECT_VERSION = 1;
				GENERATE_INFOPLIST_FILE = YES;
				INFOPLIST_FILE = MesAmies/Supports/Info.plist;
				INFOPLIST_KEY_UIApplicationSupportsIndirectInputEvents = YES;
				INFOPLIST_KEY_UILaunchStoryboardName = LaunchScreen;
				INFOPLIST_KEY_UIMainStoryboardFile = Main;
				INFOPLIST_KEY_UISupportedInterfaceOrientations_iPad = "UIInterfaceOrientationPortrait UIInterfaceOrientationPortraitUpsideDown UIInterfaceOrientationLandscapeLeft UIInterfaceOrientationLandscapeRight";
				INFOPLIST_KEY_UISupportedInterfaceOrientations_iPhone = "UIInterfaceOrientationPortrait UIInterfaceOrientationLandscapeLeft UIInterfaceOrientationLandscapeRight";
				LD_RUNPATH_SEARCH_PATHS = (
					"$(inherited)",
					"@executable_path/Frameworks",
				);
				MARKETING_VERSION = 1.0;
				PRODUCT_BUNDLE_IDENTIFIER = OC.MesAmies;
				PRODUCT_NAME = "$(TARGET_NAME)";
				SWIFT_EMIT_LOC_STRINGS = YES;
				SWIFT_VERSION = 5.0;
				TARGETED_DEVICE_FAMILY = "1,2";
			};
			name = Debug;
		};
		F6D59132281C1B1900F32F59 /* Release */ = {
			isa = XCBuildConfiguration;
			baseConfigurationReference = ABCF0DDFA83EF9A4AF9666D1 /* Pods-MesAmies.release.xcconfig */;
			buildSettings = {
				ASSETCATALOG_COMPILER_APPICON_NAME = AppIcon;
				ASSETCATALOG_COMPILER_GLOBAL_ACCENT_COLOR_NAME = AccentColor;
				CODE_SIGN_STYLE = Automatic;
				CURRENT_PROJECT_VERSION = 1;
				GENERATE_INFOPLIST_FILE = YES;
				INFOPLIST_FILE = MesAmies/Supports/Info.plist;
				INFOPLIST_KEY_UIApplicationSupportsIndirectInputEvents = YES;
				INFOPLIST_KEY_UILaunchStoryboardName = LaunchScreen;
				INFOPLIST_KEY_UIMainStoryboardFile = Main;
				INFOPLIST_KEY_UISupportedInterfaceOrientations_iPad = "UIInterfaceOrientationPortrait UIInterfaceOrientationPortraitUpsideDown UIInterfaceOrientationLandscapeLeft UIInterfaceOrientationLandscapeRight";
				INFOPLIST_KEY_UISupportedInterfaceOrientations_iPhone = "UIInterfaceOrientationPortrait UIInterfaceOrientationLandscapeLeft UIInterfaceOrientationLandscapeRight";
				LD_RUNPATH_SEARCH_PATHS = (
					"$(inherited)",
					"@executable_path/Frameworks",
				);
				MARKETING_VERSION = 1.0;
				PRODUCT_BUNDLE_IDENTIFIER = OC.MesAmies;
				PRODUCT_NAME = "$(TARGET_NAME)";
				SWIFT_EMIT_LOC_STRINGS = YES;
				SWIFT_VERSION = 5.0;
				TARGETED_DEVICE_FAMILY = "1,2";
			};
			name = Release;
		};
		F6D59134281C1B1900F32F59 /* Debug */ = {
			isa = XCBuildConfiguration;
			baseConfigurationReference = E281F366A6F6A652918B5828 /* Pods-MesAmiesTests.debug.xcconfig */;
			buildSettings = {
				ALWAYS_EMBED_SWIFT_STANDARD_LIBRARIES = YES;
				BUNDLE_LOADER = "$(TEST_HOST)";
				CODE_SIGN_STYLE = Automatic;
				CURRENT_PROJECT_VERSION = 1;
				GENERATE_INFOPLIST_FILE = YES;
				IPHONEOS_DEPLOYMENT_TARGET = 15.2;
				MARKETING_VERSION = 1.0;
				PRODUCT_BUNDLE_IDENTIFIER = OC.MesAmiesTests;
				PRODUCT_NAME = "$(TARGET_NAME)";
				SWIFT_EMIT_LOC_STRINGS = NO;
				SWIFT_VERSION = 5.0;
				TARGETED_DEVICE_FAMILY = "1,2";
				TEST_HOST = "$(BUILT_PRODUCTS_DIR)/MesAmies.app/MesAmies";
			};
			name = Debug;
		};
		F6D59135281C1B1900F32F59 /* Release */ = {
			isa = XCBuildConfiguration;
			baseConfigurationReference = AD1AA9763C35DF6FE02949AC /* Pods-MesAmiesTests.release.xcconfig */;
			buildSettings = {
				ALWAYS_EMBED_SWIFT_STANDARD_LIBRARIES = YES;
				BUNDLE_LOADER = "$(TEST_HOST)";
				CODE_SIGN_STYLE = Automatic;
				CURRENT_PROJECT_VERSION = 1;
				GENERATE_INFOPLIST_FILE = YES;
				IPHONEOS_DEPLOYMENT_TARGET = 15.2;
				MARKETING_VERSION = 1.0;
				PRODUCT_BUNDLE_IDENTIFIER = OC.MesAmiesTests;
				PRODUCT_NAME = "$(TARGET_NAME)";
				SWIFT_EMIT_LOC_STRINGS = NO;
				SWIFT_VERSION = 5.0;
				TARGETED_DEVICE_FAMILY = "1,2";
				TEST_HOST = "$(BUILT_PRODUCTS_DIR)/MesAmies.app/MesAmies";
			};
			name = Release;
		};
		F6D59137281C1B1900F32F59 /* Debug */ = {
			isa = XCBuildConfiguration;
			baseConfigurationReference = 35FC27AE2C6CEEB1F02797C5 /* Pods-MesAmies-MesAmiesUITests.debug.xcconfig */;
			buildSettings = {
				ALWAYS_EMBED_SWIFT_STANDARD_LIBRARIES = YES;
				CODE_SIGN_STYLE = Automatic;
				CURRENT_PROJECT_VERSION = 1;
				GENERATE_INFOPLIST_FILE = YES;
				MARKETING_VERSION = 1.0;
				PRODUCT_BUNDLE_IDENTIFIER = OC.MesAmiesUITests;
				PRODUCT_NAME = "$(TARGET_NAME)";
				SWIFT_EMIT_LOC_STRINGS = NO;
				SWIFT_VERSION = 5.0;
				TARGETED_DEVICE_FAMILY = "1,2";
				TEST_TARGET_NAME = MesAmies;
			};
			name = Debug;
		};
		F6D59138281C1B1900F32F59 /* Release */ = {
			isa = XCBuildConfiguration;
			baseConfigurationReference = 594C8AEF83FBE6A6847289CF /* Pods-MesAmies-MesAmiesUITests.release.xcconfig */;
			buildSettings = {
				ALWAYS_EMBED_SWIFT_STANDARD_LIBRARIES = YES;
				CODE_SIGN_STYLE = Automatic;
				CURRENT_PROJECT_VERSION = 1;
				GENERATE_INFOPLIST_FILE = YES;
				MARKETING_VERSION = 1.0;
				PRODUCT_BUNDLE_IDENTIFIER = OC.MesAmiesUITests;
				PRODUCT_NAME = "$(TARGET_NAME)";
				SWIFT_EMIT_LOC_STRINGS = NO;
				SWIFT_VERSION = 5.0;
				TARGETED_DEVICE_FAMILY = "1,2";
				TEST_TARGET_NAME = MesAmies;
			};
			name = Release;
		};
/* End XCBuildConfiguration section */

/* Begin XCConfigurationList section */
		F6D590FE281C1B1700F32F59 /* Build configuration list for PBXProject "MesAmies" */ = {
			isa = XCConfigurationList;
			buildConfigurations = (
				F6D5912E281C1B1900F32F59 /* Debug */,
				F6D5912F281C1B1900F32F59 /* Release */,
			);
			defaultConfigurationIsVisible = 0;
			defaultConfigurationName = Release;
		};
		F6D59130281C1B1900F32F59 /* Build configuration list for PBXNativeTarget "MesAmies" */ = {
			isa = XCConfigurationList;
			buildConfigurations = (
				F6D59131281C1B1900F32F59 /* Debug */,
				F6D59132281C1B1900F32F59 /* Release */,
			);
			defaultConfigurationIsVisible = 0;
			defaultConfigurationName = Release;
		};
		F6D59133281C1B1900F32F59 /* Build configuration list for PBXNativeTarget "MesAmiesTests" */ = {
			isa = XCConfigurationList;
			buildConfigurations = (
				F6D59134281C1B1900F32F59 /* Debug */,
				F6D59135281C1B1900F32F59 /* Release */,
			);
			defaultConfigurationIsVisible = 0;
			defaultConfigurationName = Release;
		};
		F6D59136281C1B1900F32F59 /* Build configuration list for PBXNativeTarget "MesAmiesUITests" */ = {
			isa = XCConfigurationList;
			buildConfigurations = (
				F6D59137281C1B1900F32F59 /* Debug */,
				F6D59138281C1B1900F32F59 /* Release */,
			);
			defaultConfigurationIsVisible = 0;
			defaultConfigurationName = Release;
		};
/* End XCConfigurationList section */

/* Begin XCVersionGroup section */
		F6D5910F281C1B1700F32F59 /* MesAmies.xcdatamodeld */ = {
			isa = XCVersionGroup;
			children = (
				F6D59110281C1B1700F32F59 /* MesAmies.xcdatamodel */,
			);
			currentVersion = F6D59110281C1B1700F32F59 /* MesAmies.xcdatamodel */;
			path = MesAmies.xcdatamodeld;
			sourceTree = "<group>";
			versionGroupType = wrapper.xcdatamodel;
		};
/* End XCVersionGroup section */
	};
	rootObject = F6D590FB281C1B1700F32F59 /* Project object */;
}
